
Microsoft Visual Studio Solution File, Format Version 12.00
# Visual Studio 15
VisualStudioVersion = 15.0.27703.2000
MinimumVisualStudioVersion = 10.0.40219.1
Project("{FAE04EC0-301F-11D3-BF4B-00C04F79EFBC}") = "Milhas-Metros", "Milhas-Metros\Milhas-Metros.csproj", "{AD7CAF27-58ED-4584-B064-A1B1789C4B47}"
EndProject
Global
	GlobalSection(SolutionConfigurationPlatforms) = preSolution
		Debug|Any CPU = Debug|Any CPU
		Release|Any CPU = Release|Any CPU
	EndGlobalSection
	GlobalSection(ProjectConfigurationPlatforms) = postSolution
		{AD7CAF27-58ED-4584-B064-A1B1789C4B47}.Debug|Any CPU.ActiveCfg = Debug|Any CPU
		{AD7CAF27-58ED-4584-B064-A1B1789C4B47}.Debug|Any CPU.Build.0 = Debug|Any CPU
		{AD7CAF27-58ED-4584-B064-A1B1789C4B47}.Release|Any CPU.ActiveCfg = Release|Any CPU
		{AD7CAF27-58ED-4584-B064-A1B1789C4B47}.Release|Any CPU.Build.0 = Release|Any CPU
	EndGlobalSection
	GlobalSection(SolutionProperties) = preSolution
		HideSolutionNode = FALSE
	EndGlobalSection
	GlobalSection(ExtensibilityGlobals) = postSolution
		SolutionGuid = {188B75BC-6457-4FC6-A960-E9F88C99A621}
	EndGlobalSection
EndGlobal
